
Microsoft Visual Studio Solution File, Format Version 12.00
# Visual Studio Version 16
VisualStudioVersion = 16.0.29709.97
MinimumVisualStudioVersion = 10.0.40219.1
Project("{9A19103F-16F7-4668-BE54-9A1E7A4F7556}") = "Calculator", "Calculator\Calculator.csproj", "{3B8D53E9-6066-467D-80F5-E5E226B26A9E}"
EndProject
Project("{9A19103F-16F7-4668-BE54-9A1E7A4F7556}") = "Operations", "Operations\Operations.csproj", "{E43CB800-7205-4FBE-94F8-FB406A0B504B}"
EndProject
Project("{9A19103F-16F7-4668-BE54-9A1E7A4F7556}") = "OperationsTests", "OperationsTests\OperationsTests.csproj", "{D1313A05-50A6-4A6E-8A77-C51CD98CA575}"
EndProject
Project("{9A19103F-16F7-4668-BE54-9A1E7A4F7556}") = "CalculatorTests", "CalculatorTests\CalculatorTests.csproj", "{8F86084F-0F7F-445B-927E-3F6546382716}"
EndProject
Project("{9A19103F-16F7-4668-BE54-9A1E7A4F7556}") = "Sum", "Sum\Sum.csproj", "{DFBB0C21-13DD-46CE-8D61-0851E64E253B}"
EndProject
Project("{9A19103F-16F7-4668-BE54-9A1E7A4F7556}") = "Differences", "Differences\Differences.csproj", "{95F13090-ADA0-474E-B5A2-66C65C923ABB}"
EndProject
Project("{9A19103F-16F7-4668-BE54-9A1E7A4F7556}") = "Times", "Times\Times.csproj", "{1F5180CE-1D2C-4FED-8C1C-96FED4F69EC1}"
EndProject
Project("{9A19103F-16F7-4668-BE54-9A1E7A4F7556}") = "Quotient", "Quotient\Quotient.csproj", "{32FF8B9E-67AC-42A1-B94A-41E0D4ED00B2}"
EndProject
Project("{9A19103F-16F7-4668-BE54-9A1E7A4F7556}") = "SquareRoot", "SquareRoot\SquareRoot.csproj", "{E68E7D0C-4DB7-40F5-BEF0-EBD6B8FD34C9}"
EndProject
Project("{9A19103F-16F7-4668-BE54-9A1E7A4F7556}") = "Cubing", "Cubing\Cubing.csproj", "{8638D27E-D1C6-4721-AAC2-0C91A3371AF9}"
EndProject
Project("{9A19103F-16F7-4668-BE54-9A1E7A4F7556}") = "Square", "Square\Square.csproj", "{75CC443B-A497-46B1-A36D-CA663D894305}"
EndProject
Project("{9A19103F-16F7-4668-BE54-9A1E7A4F7556}") = "Helpers", "Helpers\Helpers.csproj", "{7E93D932-711F-4224-9A35-BB9D2546485C}"
EndProject
Project("{9A19103F-16F7-4668-BE54-9A1E7A4F7556}") = "HelpersTests", "HelpersTests\HelpersTests.csproj", "{46217767-5E58-40FC-B147-AD6038D507F3}"
EndProject
Project("{9A19103F-16F7-4668-BE54-9A1E7A4F7556}") = "StatOps", "StatOps\StatOps.csproj", "{64670403-3A1D-4617-A31E-81A45F98BEB2}"
EndProject
Project("{9A19103F-16F7-4668-BE54-9A1E7A4F7556}") = "StatOpsTests", "StatOpsTests\StatOpsTests.csproj", "{AE053F45-C456-4A72-9FD9-20397B0A5DAC}"
EndProject
Project("{FAE04EC0-301F-11D3-BF4B-00C04F79EFBC}") = "Average", "Average\Average.csproj", "{CEB84A8F-3339-4C19-A145-541B23645548}"
EndProject
Project("{FAE04EC0-301F-11D3-BF4B-00C04F79EFBC}") = "Variances", "Variances\Variances.csproj", "{EC4ACD23-0B28-49C3-B6BF-F7540C6D6B1C}"
EndProject
Project("{FAE04EC0-301F-11D3-BF4B-00C04F79EFBC}") = "Deviation", "Deviation\Deviation.csproj", "{2B820927-6807-4F26-A29A-A395D9A419D2}"
EndProject
Global
	GlobalSection(SolutionConfigurationPlatforms) = preSolution
		Debug|Any CPU = Debug|Any CPU
		Release|Any CPU = Release|Any CPU
	EndGlobalSection
	GlobalSection(ProjectConfigurationPlatforms) = postSolution
		{3B8D53E9-6066-467D-80F5-E5E226B26A9E}.Debug|Any CPU.ActiveCfg = Debug|Any CPU
		{3B8D53E9-6066-467D-80F5-E5E226B26A9E}.Debug|Any CPU.Build.0 = Debug|Any CPU
		{3B8D53E9-6066-467D-80F5-E5E226B26A9E}.Release|Any CPU.ActiveCfg = Release|Any CPU
		{3B8D53E9-6066-467D-80F5-E5E226B26A9E}.Release|Any CPU.Build.0 = Release|Any CPU
		{E43CB800-7205-4FBE-94F8-FB406A0B504B}.Debug|Any CPU.ActiveCfg = Debug|Any CPU
		{E43CB800-7205-4FBE-94F8-FB406A0B504B}.Debug|Any CPU.Build.0 = Debug|Any CPU
		{E43CB800-7205-4FBE-94F8-FB406A0B504B}.Release|Any CPU.ActiveCfg = Release|Any CPU
		{E43CB800-7205-4FBE-94F8-FB406A0B504B}.Release|Any CPU.Build.0 = Release|Any CPU
		{D1313A05-50A6-4A6E-8A77-C51CD98CA575}.Debug|Any CPU.ActiveCfg = Debug|Any CPU
		{D1313A05-50A6-4A6E-8A77-C51CD98CA575}.Debug|Any CPU.Build.0 = Debug|Any CPU
		{D1313A05-50A6-4A6E-8A77-C51CD98CA575}.Release|Any CPU.ActiveCfg = Release|Any CPU
		{D1313A05-50A6-4A6E-8A77-C51CD98CA575}.Release|Any CPU.Build.0 = Release|Any CPU
		{8F86084F-0F7F-445B-927E-3F6546382716}.Debug|Any CPU.ActiveCfg = Debug|Any CPU
		{8F86084F-0F7F-445B-927E-3F6546382716}.Debug|Any CPU.Build.0 = Debug|Any CPU
		{8F86084F-0F7F-445B-927E-3F6546382716}.Release|Any CPU.ActiveCfg = Release|Any CPU
		{8F86084F-0F7F-445B-927E-3F6546382716}.Release|Any CPU.Build.0 = Release|Any CPU
		{DFBB0C21-13DD-46CE-8D61-0851E64E253B}.Debug|Any CPU.ActiveCfg = Debug|Any CPU
		{DFBB0C21-13DD-46CE-8D61-0851E64E253B}.Debug|Any CPU.Build.0 = Debug|Any CPU
		{DFBB0C21-13DD-46CE-8D61-0851E64E253B}.Release|Any CPU.ActiveCfg = Release|Any CPU
		{DFBB0C21-13DD-46CE-8D61-0851E64E253B}.Release|Any CPU.Build.0 = Release|Any CPU
		{95F13090-ADA0-474E-B5A2-66C65C923ABB}.Debug|Any CPU.ActiveCfg = Debug|Any CPU
		{95F13090-ADA0-474E-B5A2-66C65C923ABB}.Debug|Any CPU.Build.0 = Debug|Any CPU
		{95F13090-ADA0-474E-B5A2-66C65C923ABB}.Release|Any CPU.ActiveCfg = Release|Any CPU
		{95F13090-ADA0-474E-B5A2-66C65C923ABB}.Release|Any CPU.Build.0 = Release|Any CPU
		{1F5180CE-1D2C-4FED-8C1C-96FED4F69EC1}.Debug|Any CPU.ActiveCfg = Debug|Any CPU
		{1F5180CE-1D2C-4FED-8C1C-96FED4F69EC1}.Debug|Any CPU.Build.0 = Debug|Any CPU
		{1F5180CE-1D2C-4FED-8C1C-96FED4F69EC1}.Release|Any CPU.ActiveCfg = Release|Any CPU
		{1F5180CE-1D2C-4FED-8C1C-96FED4F69EC1}.Release|Any CPU.Build.0 = Release|Any CPU
		{32FF8B9E-67AC-42A1-B94A-41E0D4ED00B2}.Debug|Any CPU.ActiveCfg = Debug|Any CPU
		{32FF8B9E-67AC-42A1-B94A-41E0D4ED00B2}.Debug|Any CPU.Build.0 = Debug|Any CPU
		{32FF8B9E-67AC-42A1-B94A-41E0D4ED00B2}.Release|Any CPU.ActiveCfg = Release|Any CPU
		{32FF8B9E-67AC-42A1-B94A-41E0D4ED00B2}.Release|Any CPU.Build.0 = Release|Any CPU
		{E68E7D0C-4DB7-40F5-BEF0-EBD6B8FD34C9}.Debug|Any CPU.ActiveCfg = Debug|Any CPU
		{E68E7D0C-4DB7-40F5-BEF0-EBD6B8FD34C9}.Debug|Any CPU.Build.0 = Debug|Any CPU
		{E68E7D0C-4DB7-40F5-BEF0-EBD6B8FD34C9}.Release|Any CPU.ActiveCfg = Release|Any CPU
		{E68E7D0C-4DB7-40F5-BEF0-EBD6B8FD34C9}.Release|Any CPU.Build.0 = Release|Any CPU
		{8638D27E-D1C6-4721-AAC2-0C91A3371AF9}.Debug|Any CPU.ActiveCfg = Debug|Any CPU
		{8638D27E-D1C6-4721-AAC2-0C91A3371AF9}.Debug|Any CPU.Build.0 = Debug|Any CPU
		{8638D27E-D1C6-4721-AAC2-0C91A3371AF9}.Release|Any CPU.ActiveCfg = Release|Any CPU
		{8638D27E-D1C6-4721-AAC2-0C91A3371AF9}.Release|Any CPU.Build.0 = Release|Any CPU
		{75CC443B-A497-46B1-A36D-CA663D894305}.Debug|Any CPU.ActiveCfg = Debug|Any CPU
		{75CC443B-A497-46B1-A36D-CA663D894305}.Debug|Any CPU.Build.0 = Debug|Any CPU
		{75CC443B-A497-46B1-A36D-CA663D894305}.Release|Any CPU.ActiveCfg = Release|Any CPU
		{75CC443B-A497-46B1-A36D-CA663D894305}.Release|Any CPU.Build.0 = Release|Any CPU
		{7E93D932-711F-4224-9A35-BB9D2546485C}.Debug|Any CPU.ActiveCfg = Debug|Any CPU
		{7E93D932-711F-4224-9A35-BB9D2546485C}.Debug|Any CPU.Build.0 = Debug|Any CPU
		{7E93D932-711F-4224-9A35-BB9D2546485C}.Release|Any CPU.ActiveCfg = Release|Any CPU
		{7E93D932-711F-4224-9A35-BB9D2546485C}.Release|Any CPU.Build.0 = Release|Any CPU
		{46217767-5E58-40FC-B147-AD6038D507F3}.Debug|Any CPU.ActiveCfg = Debug|Any CPU
		{46217767-5E58-40FC-B147-AD6038D507F3}.Debug|Any CPU.Build.0 = Debug|Any CPU
		{46217767-5E58-40FC-B147-AD6038D507F3}.Release|Any CPU.ActiveCfg = Release|Any CPU
		{46217767-5E58-40FC-B147-AD6038D507F3}.Release|Any CPU.Build.0 = Release|Any CPU
		{64670403-3A1D-4617-A31E-81A45F98BEB2}.Debug|Any CPU.ActiveCfg = Debug|Any CPU
		{64670403-3A1D-4617-A31E-81A45F98BEB2}.Debug|Any CPU.Build.0 = Debug|Any CPU
		{64670403-3A1D-4617-A31E-81A45F98BEB2}.Release|Any CPU.ActiveCfg = Release|Any CPU
		{64670403-3A1D-4617-A31E-81A45F98BEB2}.Release|Any CPU.Build.0 = Release|Any CPU
		{AE053F45-C456-4A72-9FD9-20397B0A5DAC}.Debug|Any CPU.ActiveCfg = Debug|Any CPU
		{AE053F45-C456-4A72-9FD9-20397B0A5DAC}.Debug|Any CPU.Build.0 = Debug|Any CPU
		{AE053F45-C456-4A72-9FD9-20397B0A5DAC}.Release|Any CPU.ActiveCfg = Release|Any CPU
		{AE053F45-C456-4A72-9FD9-20397B0A5DAC}.Release|Any CPU.Build.0 = Release|Any CPU
		{CEB84A8F-3339-4C19-A145-541B23645548}.Debug|Any CPU.ActiveCfg = Debug|Any CPU
		{CEB84A8F-3339-4C19-A145-541B23645548}.Debug|Any CPU.Build.0 = Debug|Any CPU
		{CEB84A8F-3339-4C19-A145-541B23645548}.Release|Any CPU.ActiveCfg = Release|Any CPU
		{CEB84A8F-3339-4C19-A145-541B23645548}.Release|Any CPU.Build.0 = Release|Any CPU
		{EC4ACD23-0B28-49C3-B6BF-F7540C6D6B1C}.Debug|Any CPU.ActiveCfg = Debug|Any CPU
		{EC4ACD23-0B28-49C3-B6BF-F7540C6D6B1C}.Debug|Any CPU.Build.0 = Debug|Any CPU
		{EC4ACD23-0B28-49C3-B6BF-F7540C6D6B1C}.Release|Any CPU.ActiveCfg = Release|Any CPU
		{EC4ACD23-0B28-49C3-B6BF-F7540C6D6B1C}.Release|Any CPU.Build.0 = Release|Any CPU
		{2B820927-6807-4F26-A29A-A395D9A419D2}.Debug|Any CPU.ActiveCfg = Debug|Any CPU
		{2B820927-6807-4F26-A29A-A395D9A419D2}.Debug|Any CPU.Build.0 = Debug|Any CPU
		{2B820927-6807-4F26-A29A-A395D9A419D2}.Release|Any CPU.ActiveCfg = Release|Any CPU
		{2B820927-6807-4F26-A29A-A395D9A419D2}.Release|Any CPU.Build.0 = Release|Any CPU
	EndGlobalSection
	GlobalSection(SolutionProperties) = preSolution
		HideSolutionNode = FALSE
	EndGlobalSection
	GlobalSection(ExtensibilityGlobals) = postSolution
		SolutionGuid = {A3EDD0E7-3381-47CC-8357-7A6DC79FFB89}
	EndGlobalSection
EndGlobal
